
Microsoft Visual Studio Solution File, Format Version 12.00
# Visual Studio Version 17
VisualStudioVersion = 17.0.31903.59
MinimumVisualStudioVersion = 10.0.40219.1
Project("{FAE04EC0-301F-11D3-BF4B-00C04F79EFBC}") = "BE-AMPerfume.API", "BE-AMPerfume.API\BE-AMPerfume.API.csproj", "{B0577B54-B3DB-4AEE-A907-B2C9E5EDC36E}"
EndProject
Project("{FAE04EC0-301F-11D3-BF4B-00C04F79EFBC}") = "BE-AMPerfume.BLL", "BE-AMPerfume.BLL\BE-AMPerfume.BLL.csproj", "{77A491DD-F750-4A57-BE93-5D432CA27C59}"
EndProject
Project("{FAE04EC0-301F-11D3-BF4B-00C04F79EFBC}") = "BE-AMPerfume.DAL", "BE-AMPerfume.DAL\BE-AMPerfume.DAL.csproj", "{BCEB843F-0CDF-4506-85A8-8DA0CC4AC090}"
EndProject
Project("{FAE04EC0-301F-11D3-BF4B-00C04F79EFBC}") = "BE-AMPerfume.Core", "BE-AMPerfume.Core\BE-AMPerfume.Core.csproj", "{7CE85820-9D64-4B33-A675-6A551558782C}"
EndProject
Global
	GlobalSection(SolutionConfigurationPlatforms) = preSolution
		Debug|Any CPU = Debug|Any CPU
		Release|Any CPU = Release|Any CPU
	EndGlobalSection
	GlobalSection(SolutionProperties) = preSolution
		HideSolutionNode = FALSE
	EndGlobalSection
	GlobalSection(ProjectConfigurationPlatforms) = postSolution
		{B0577B54-B3DB-4AEE-A907-B2C9E5EDC36E}.Debug|Any CPU.ActiveCfg = Debug|Any CPU
		{B0577B54-B3DB-4AEE-A907-B2C9E5EDC36E}.Debug|Any CPU.Build.0 = Debug|Any CPU
		{B0577B54-B3DB-4AEE-A907-B2C9E5EDC36E}.Release|Any CPU.ActiveCfg = Release|Any CPU
		{B0577B54-B3DB-4AEE-A907-B2C9E5EDC36E}.Release|Any CPU.Build.0 = Release|Any CPU
		{77A491DD-F750-4A57-BE93-5D432CA27C59}.Debug|Any CPU.ActiveCfg = Debug|Any CPU
		{77A491DD-F750-4A57-BE93-5D432CA27C59}.Debug|Any CPU.Build.0 = Debug|Any CPU
		{77A491DD-F750-4A57-BE93-5D432CA27C59}.Release|Any CPU.ActiveCfg = Release|Any CPU
		{77A491DD-F750-4A57-BE93-5D432CA27C59}.Release|Any CPU.Build.0 = Release|Any CPU
		{BCEB843F-0CDF-4506-85A8-8DA0CC4AC090}.Debug|Any CPU.ActiveCfg = Debug|Any CPU
		{BCEB843F-0CDF-4506-85A8-8DA0CC4AC090}.Debug|Any CPU.Build.0 = Debug|Any CPU
		{BCEB843F-0CDF-4506-85A8-8DA0CC4AC090}.Release|Any CPU.ActiveCfg = Release|Any CPU
		{BCEB843F-0CDF-4506-85A8-8DA0CC4AC090}.Release|Any CPU.Build.0 = Release|Any CPU
		{7CE85820-9D64-4B33-A675-6A551558782C}.Debug|Any CPU.ActiveCfg = Debug|Any CPU
		{7CE85820-9D64-4B33-A675-6A551558782C}.Debug|Any CPU.Build.0 = Debug|Any CPU
		{7CE85820-9D64-4B33-A675-6A551558782C}.Release|Any CPU.ActiveCfg = Release|Any CPU
		{7CE85820-9D64-4B33-A675-6A551558782C}.Release|Any CPU.Build.0 = Release|Any CPU
	EndGlobalSection
EndGlobal
